
Microsoft Visual Studio Solution File, Format Version 12.00
# Visual Studio 14
VisualStudioVersion = 14.0.25123.0
MinimumVisualStudioVersion = 10.0.40219.1
Project("{2150E333-8FDC-42A3-9474-1A3956D46DE8}") = "src", "src", "{42456460-776F-448E-B4B5-5D11A00064F6}"
EndProject
Project("{2150E333-8FDC-42A3-9474-1A3956D46DE8}") = "Solution Items", "Solution Items", "{4B8CF13F-86D6-485E-8194-8E748C17BFF3}"
	ProjectSection(SolutionItems) = preProject
		global.json = global.json
	EndProjectSection
EndProject
Project("{8BB2217D-0F2D-49D1-97BC-3654ED321F3B}") = "WebManager", "src\WebManager\WebManager.xproj", "{3177D9D7-304D-477F-8A3C-127514486751}"
EndProject
Global
	GlobalSection(SolutionConfigurationPlatforms) = preSolution
		Debug|Any CPU = Debug|Any CPU
		Release|Any CPU = Release|Any CPU
	EndGlobalSection
	GlobalSection(ProjectConfigurationPlatforms) = postSolution
		{3177D9D7-304D-477F-8A3C-127514486751}.Debug|Any CPU.ActiveCfg = Debug|Any CPU
		{3177D9D7-304D-477F-8A3C-127514486751}.Debug|Any CPU.Build.0 = Debug|Any CPU
		{3177D9D7-304D-477F-8A3C-127514486751}.Release|Any CPU.ActiveCfg = Release|Any CPU
		{3177D9D7-304D-477F-8A3C-127514486751}.Release|Any CPU.Build.0 = Release|Any CPU
	EndGlobalSection
	GlobalSection(SolutionProperties) = preSolution
		HideSolutionNode = FALSE
	EndGlobalSection
	GlobalSection(NestedProjects) = preSolution
		{3177D9D7-304D-477F-8A3C-127514486751} = {42456460-776F-448E-B4B5-5D11A00064F6}
	EndGlobalSection
EndGlobal
